{
  "version": 4,
  "terraform_version": "1.9.5",
  "serial": 243,
  "lineage": "ce4a3c2e-2040-e183-29c3-6f7afed6252b",
  "outputs": {},
  "resources": [
    {
      "mode": "managed",
      "type": "aws_ebs_volume",
      "name": "ebs_scrt",
      "provider": "provider[\"registry.terraform.io/hashicorp/aws\"]",
      "instances": [
        {
          "schema_version": 0,
          "attributes": {
            "arn": "arn:aws:ec2:us-east-1:504193686034:volume/vol-0e97ecc7e20bb241e",
            "availability_zone": "us-east-1a",
            "encrypted": false,
            "final_snapshot": false,
            "id": "vol-0e97ecc7e20bb241e",
            "iops": 100,
            "kms_key_id": "",
            "multi_attach_enabled": false,
            "outpost_arn": "",
            "size": 10,
            "snapshot_id": "",
            "tags": {
              "Name": "EBS SCRT"
            },
            "tags_all": {
              "Name": "EBS SCRT"
            },
            "throughput": 0,
            "timeouts": null,
            "type": "gp2"
          },
          "sensitive_attributes": [],
          "private": "eyJlMmJmYjczMC1lY2FhLTExZTYtOGY4OC0zNDM2M2JjN2M0YzAiOnsiY3JlYXRlIjozMDAwMDAwMDAwMDAsImRlbGV0ZSI6MzAwMDAwMDAwMDAwLCJ1cGRhdGUiOjMwMDAwMDAwMDAwMH19"
        }
      ]
    },
    {
      "mode": "managed",
      "type": "aws_efs_file_system",
      "name": "efs_scrt",
      "provider": "provider[\"registry.terraform.io/hashicorp/aws\"]",
      "instances": [
        {
          "schema_version": 0,
          "attributes": {
            "arn": "arn:aws:elasticfilesystem:us-east-1:504193686034:file-system/fs-0cd31b7f78663e09f",
            "availability_zone_id": "",
            "availability_zone_name": "",
            "creation_token": "token-criacao-scrt",
            "dns_name": "fs-0cd31b7f78663e09f.efs.us-east-1.amazonaws.com",
            "encrypted": false,
            "id": "fs-0cd31b7f78663e09f",
            "kms_key_id": "",
            "lifecycle_policy": [
              {
                "transition_to_ia": "AFTER_30_DAYS",
                "transition_to_primary_storage_class": ""
              }
            ],
            "number_of_mount_targets": 0,
            "owner_id": "504193686034",
            "performance_mode": "generalPurpose",
            "provisioned_throughput_in_mibps": 0,
            "size_in_bytes": [
              {
                "value": 6144,
                "value_in_ia": 0,
                "value_in_standard": 6144
              }
            ],
            "tags": {
              "Name": "efs-scrt"
            },
            "tags_all": {
              "Name": "efs-scrt"
            },
            "throughput_mode": "bursting"
          },
          "sensitive_attributes": [],
          "private": "bnVsbA=="
        }
      ]
    },
    {
      "mode": "managed",
      "type": "aws_instance",
      "name": "ec2-iac-pri-tfg",
      "provider": "provider[\"registry.terraform.io/hashicorp/aws\"]",
      "instances": [
        {
          "schema_version": 1,
          "attributes": {
            "ami": "ami-066784287e358dad1",
            "arn": "arn:aws:ec2:us-east-1:504193686034:instance/i-0dca34ae3cbfd3386",
            "associate_public_ip_address": false,
            "availability_zone": "us-east-1a",
            "capacity_reservation_specification": [
              {
                "capacity_reservation_preference": "open",
                "capacity_reservation_target": []
              }
            ],
            "cpu_core_count": 1,
            "cpu_options": [
              {
                "amd_sev_snp": "",
                "core_count": 1,
                "threads_per_core": 2
              }
            ],
            "cpu_threads_per_core": 2,
            "credit_specification": [
              {
                "cpu_credits": "unlimited"
              }
            ],
            "disable_api_stop": false,
            "disable_api_termination": false,
            "ebs_block_device": [
              {
                "delete_on_termination": true,
                "device_name": "/dev/sda1",
                "encrypted": false,
                "iops": 3000,
                "kms_key_id": "",
                "snapshot_id": "",
                "tags": {},
                "throughput": 125,
                "volume_id": "vol-01e08914bfd32507d",
                "volume_size": 30,
                "volume_type": "gp3"
              }
            ],
            "ebs_optimized": false,
            "enclave_options": [
              {
                "enabled": false
              }
            ],
            "ephemeral_block_device": [],
            "get_password_data": false,
            "hibernation": false,
            "host_id": "",
            "host_resource_group_arn": null,
            "iam_instance_profile": "",
            "id": "i-0dca34ae3cbfd3386",
            "instance_initiated_shutdown_behavior": "stop",
            "instance_state": "running",
            "instance_type": "t3.small",
            "ipv6_address_count": 0,
            "ipv6_addresses": [],
            "key_name": "tfg_key",
            "launch_template": [],
            "maintenance_options": [
              {
                "auto_recovery": "default"
              }
            ],
            "metadata_options": [
              {
                "http_endpoint": "enabled",
                "http_put_response_hop_limit": 2,
                "http_tokens": "required",
                "instance_metadata_tags": "disabled"
              }
            ],
            "monitoring": false,
            "network_interface": [],
            "outpost_arn": "",
            "password_data": "",
            "placement_group": "",
            "placement_partition_number": 0,
            "primary_network_interface_id": "eni-0463e23bfaf8ec1f5",
            "private_dns": "ip-10-0-3-99.ec2.internal",
            "private_dns_name_options": [
              {
                "enable_resource_name_dns_a_record": false,
                "enable_resource_name_dns_aaaa_record": false,
                "hostname_type": "ip-name"
              }
            ],
            "private_ip": "10.0.3.99",
            "public_dns": "",
            "public_ip": "",
            "root_block_device": [
              {
                "delete_on_termination": true,
                "device_name": "/dev/xvda",
                "encrypted": false,
                "iops": 3000,
                "kms_key_id": "",
                "tags": {},
                "throughput": 125,
                "volume_id": "vol-05a50fd87005074b0",
                "volume_size": 8,
                "volume_type": "gp3"
              }
            ],
            "secondary_private_ips": [],
            "security_groups": [],
            "source_dest_check": true,
            "subnet_id": "subnet-017838f368c6a1c0c",
            "tags": {
              "Name": "ec2-iac-pri-tfg"
            },
            "tags_all": {
              "Name": "ec2-iac-pri-tfg"
            },
            "tenancy": "default",
            "timeouts": null,
            "user_data": null,
            "user_data_base64": null,
            "user_data_replace_on_change": false,
            "volume_tags": null,
            "vpc_security_group_ids": [
              "sg-0a733e0e200980748"
            ]
          },
          "sensitive_attributes": [],
          "private": "eyJlMmJmYjczMC1lY2FhLTExZTYtOGY4OC0zNDM2M2JjN2M0YzAiOnsiY3JlYXRlIjo2MDAwMDAwMDAwMDAsImRlbGV0ZSI6MTIwMDAwMDAwMDAwMCwidXBkYXRlIjo2MDAwMDAwMDAwMDB9LCJzY2hlbWFfdmVyc2lvbiI6IjEifQ==",
          "dependencies": [
            "aws_security_group.sg_pri_tech_for_good",
            "aws_subnet.sub_pri_tfg",
            "aws_vpc.vpc_tech_for_good"
          ]
        }
      ]
    },
    {
      "mode": "managed",
      "type": "aws_instance",
      "name": "ec2-iac-pub-tfg-a",
      "provider": "provider[\"registry.terraform.io/hashicorp/aws\"]",
      "instances": [
        {
          "schema_version": 1,
          "attributes": {
            "ami": "ami-066784287e358dad1",
            "arn": "arn:aws:ec2:us-east-1:504193686034:instance/i-0d9b3617e608e0be4",
            "associate_public_ip_address": true,
            "availability_zone": "us-east-1a",
            "capacity_reservation_specification": [
              {
                "capacity_reservation_preference": "open",
                "capacity_reservation_target": []
              }
            ],
            "cpu_core_count": 1,
            "cpu_options": [
              {
                "amd_sev_snp": "",
                "core_count": 1,
                "threads_per_core": 2
              }
            ],
            "cpu_threads_per_core": 2,
            "credit_specification": [
              {
                "cpu_credits": "unlimited"
              }
            ],
            "disable_api_stop": false,
            "disable_api_termination": false,
            "ebs_block_device": [
              {
                "delete_on_termination": true,
                "device_name": "/dev/sda1",
                "encrypted": false,
                "iops": 3000,
                "kms_key_id": "",
                "snapshot_id": "",
                "tags": {},
                "throughput": 125,
                "volume_id": "vol-0419e631bc8a043f6",
                "volume_size": 30,
                "volume_type": "gp3"
              }
            ],
            "ebs_optimized": false,
            "enclave_options": [
              {
                "enabled": false
              }
            ],
            "ephemeral_block_device": [],
            "get_password_data": false,
            "hibernation": false,
            "host_id": "",
            "host_resource_group_arn": null,
            "iam_instance_profile": "",
            "id": "i-0d9b3617e608e0be4",
            "instance_initiated_shutdown_behavior": "stop",
            "instance_state": "running",
            "instance_type": "t3.small",
            "ipv6_address_count": 0,
            "ipv6_addresses": [],
            "key_name": "tfg_key",
            "launch_template": [],
            "maintenance_options": [
              {
                "auto_recovery": "default"
              }
            ],
            "metadata_options": [
              {
                "http_endpoint": "enabled",
                "http_put_response_hop_limit": 2,
                "http_tokens": "required",
                "instance_metadata_tags": "disabled"
              }
            ],
            "monitoring": false,
            "network_interface": [],
            "outpost_arn": "",
            "password_data": "",
            "placement_group": "",
            "placement_partition_number": 0,
            "primary_network_interface_id": "eni-040315775052bd109",
            "private_dns": "ip-10-0-1-29.ec2.internal",
            "private_dns_name_options": [
              {
                "enable_resource_name_dns_a_record": true,
                "enable_resource_name_dns_aaaa_record": false,
                "hostname_type": "ip-name"
              }
            ],
            "private_ip": "10.0.1.29",
            "public_dns": "",
            "public_ip": "44.201.160.154",
            "root_block_device": [
              {
                "delete_on_termination": true,
                "device_name": "/dev/xvda",
                "encrypted": false,
                "iops": 3000,
                "kms_key_id": "",
                "tags": {},
                "throughput": 125,
                "volume_id": "vol-01b5cc25708cff63a",
                "volume_size": 8,
                "volume_type": "gp3"
              }
            ],
            "secondary_private_ips": [],
            "security_groups": [],
            "source_dest_check": true,
            "subnet_id": "subnet-0f6c55ebf859abf7c",
            "tags": {
              "Name": "ec2-iac-pub-tfg-a"
            },
            "tags_all": {
              "Name": "ec2-iac-pub-tfg-a"
            },
            "tenancy": "default",
            "timeouts": null,
            "user_data": null,
            "user_data_base64": null,
            "user_data_replace_on_change": false,
            "volume_tags": null,
            "vpc_security_group_ids": [
              "sg-093f5025997176f3e"
            ]
          },
          "sensitive_attributes": [],
          "private": "eyJlMmJmYjczMC1lY2FhLTExZTYtOGY4OC0zNDM2M2JjN2M0YzAiOnsiY3JlYXRlIjo2MDAwMDAwMDAwMDAsImRlbGV0ZSI6MTIwMDAwMDAwMDAwMCwidXBkYXRlIjo2MDAwMDAwMDAwMDB9LCJzY2hlbWFfdmVyc2lvbiI6IjEifQ==",
          "dependencies": [
            "aws_security_group.sg_pub_tech_for_good",
            "aws_subnet.sub_pub_tfg_a",
            "aws_vpc.vpc_tech_for_good"
          ]
        }
      ]
    },
    {
      "mode": "managed",
      "type": "aws_internet_gateway",
      "name": "igw-tfg",
      "provider": "provider[\"registry.terraform.io/hashicorp/aws\"]",
      "instances": [
        {
          "schema_version": 0,
          "attributes": {
            "arn": "arn:aws:ec2:us-east-1:504193686034:internet-gateway/igw-0fd2112d6a0db5576",
            "id": "igw-0fd2112d6a0db5576",
            "owner_id": "504193686034",
            "tags": {
              "Name": "igw-tfg"
            },
            "tags_all": {
              "Name": "igw-tfg"
            },
            "timeouts": null,
            "vpc_id": "vpc-0323baf6f8968663b"
          },
          "sensitive_attributes": [],
          "private": "eyJlMmJmYjczMC1lY2FhLTExZTYtOGY4OC0zNDM2M2JjN2M0YzAiOnsiY3JlYXRlIjoxMjAwMDAwMDAwMDAwLCJkZWxldGUiOjEyMDAwMDAwMDAwMDAsInVwZGF0ZSI6MTIwMDAwMDAwMDAwMH19",
          "dependencies": [
            "aws_vpc.vpc_tech_for_good"
          ]
        }
      ]
    },
    {
      "mode": "managed",
      "type": "aws_key_pair",
      "name": "key_tfg",
      "provider": "provider[\"registry.terraform.io/hashicorp/aws\"]",
      "instances": [
        {
          "schema_version": 1,
          "attributes": {
            "arn": "arn:aws:ec2:us-east-1:504193686034:key-pair/tfg_key",
            "fingerprint": "94:7d:37:96:26:35:58:13:88:ec:fb:05:ac:1e:f9:53",
            "id": "tfg_key",
            "key_name": "tfg_key",
            "key_name_prefix": "",
            "key_pair_id": "key-0891d2583739e48d7",
            "key_type": "rsa",
            "public_key": "ssh-rsa AAAAB3NzaC1yc2EAAAADAQABAAACAQDjf0Ezo1HEbUcdgJdN/5zJiYYB+4W9PUkyp+L1LGSMeXC6o5vqGUQf34Eh132Wv1ifAJd/KLSr/OVmc+4lp/StY+IzpGKb8t6VHWtwR/fvyz1Bi8EEocPQc+mlWCQhnA39uBLy56xBA6ZYVD6HUowdJ4cxLoUoG4O4mZ/YTKiI8P8jb1HNIpNPH7Z0Y2x9saSZumdEymN046FLif5YUPMro2rs+Ww2PzW9sdzcys1+y+RiYwyav+3c2gHjSmpAB3DGtL1gXohu7BBvOt7hr4u7Vc5z6ZlQt36R9TSMDOmu5kUfYE4j3I0bB7okKS2Ly7AeRKfHc8fmKCWbpJ8fSUa2AlANvygXJ3hOkcoyWb3Is6B3iP8VqET7544OSv0CAOmtpYahX1/zkzxOwlkES8bn7gOYGI/pDQSuBv4ZhtwdKn+C3kmwkBV5ntD93e0XcqeAYxWjU5GPDIl2vEyL3o+A4Zxp/B8cjouHYSVaJ4J1COswVpJBSF9XT6ART4Ta+94vJai9+auSZw/4t+M9/9guuCVRyQu9iQLRy3SkcYzzE05W5HwBocgSs82n16UtLxxLvMk1NhTLwvdWEn+z+4U5i6ooxpLZ3QwqVAIILOaRAfk6ruqKxQrhZ3kbwA8llMLauRMdrA1USRHtmtudV7CwnFrjpiBfyFNhZVRQ7ycnQw==",
            "tags": {},
            "tags_all": {}
          },
          "sensitive_attributes": [],
          "private": "eyJzY2hlbWFfdmVyc2lvbiI6IjEifQ==",
          "dependencies": [
            "tls_private_key.tfg_key"
          ]
        }
      ]
    },
    {
      "mode": "managed",
      "type": "aws_route",
      "name": "rt_tfg",
      "provider": "provider[\"registry.terraform.io/hashicorp/aws\"]",
      "instances": [
        {
          "schema_version": 0,
          "attributes": {
            "carrier_gateway_id": "",
            "core_network_arn": "",
            "destination_cidr_block": "0.0.0.0/0",
            "destination_ipv6_cidr_block": "",
            "destination_prefix_list_id": "",
            "egress_only_gateway_id": "",
            "gateway_id": "igw-0fd2112d6a0db5576",
            "id": "r-rtb-081ca3933d21881ca1080289494",
            "instance_id": "",
            "instance_owner_id": "",
            "local_gateway_id": "",
            "nat_gateway_id": "",
            "network_interface_id": "",
            "origin": "CreateRoute",
            "route_table_id": "rtb-081ca3933d21881ca",
            "state": "active",
            "timeouts": null,
            "transit_gateway_id": "",
            "vpc_endpoint_id": "",
            "vpc_peering_connection_id": ""
          },
          "sensitive_attributes": [],
          "private": "eyJlMmJmYjczMC1lY2FhLTExZTYtOGY4OC0zNDM2M2JjN2M0YzAiOnsiY3JlYXRlIjozMDAwMDAwMDAwMDAsImRlbGV0ZSI6MzAwMDAwMDAwMDAwLCJ1cGRhdGUiOjEyMDAwMDAwMDAwMH19",
          "dependencies": [
            "aws_internet_gateway.igw-tfg",
            "aws_route_table.rtb-pub-tfg",
            "aws_vpc.vpc_tech_for_good"
          ]
        }
      ]
    },
    {
      "mode": "managed",
      "type": "aws_route_table",
      "name": "rtb-pub-tfg",
      "provider": "provider[\"registry.terraform.io/hashicorp/aws\"]",
      "instances": [
        {
          "schema_version": 0,
          "attributes": {
            "arn": "arn:aws:ec2:us-east-1:504193686034:route-table/rtb-081ca3933d21881ca",
            "id": "rtb-081ca3933d21881ca",
            "owner_id": "504193686034",
            "propagating_vgws": [],
            "route": [
              {
                "carrier_gateway_id": "",
                "cidr_block": "0.0.0.0/0",
                "core_network_arn": "",
                "destination_prefix_list_id": "",
                "egress_only_gateway_id": "",
                "gateway_id": "igw-0fd2112d6a0db5576",
                "instance_id": "",
                "ipv6_cidr_block": "",
                "local_gateway_id": "",
                "nat_gateway_id": "",
                "network_interface_id": "",
                "transit_gateway_id": "",
                "vpc_endpoint_id": "",
                "vpc_peering_connection_id": ""
              }
            ],
            "tags": {
              "Name": "rtb-pub-tfg"
            },
            "tags_all": {
              "Name": "rtb-pub-tfg"
            },
            "timeouts": null,
            "vpc_id": "vpc-0323baf6f8968663b"
          },
          "sensitive_attributes": [],
          "private": "eyJlMmJmYjczMC1lY2FhLTExZTYtOGY4OC0zNDM2M2JjN2M0YzAiOnsiY3JlYXRlIjozMDAwMDAwMDAwMDAsImRlbGV0ZSI6MzAwMDAwMDAwMDAwLCJ1cGRhdGUiOjEyMDAwMDAwMDAwMH19",
          "dependencies": [
            "aws_vpc.vpc_tech_for_good"
          ]
        }
      ]
    },
    {
      "mode": "managed",
      "type": "aws_route_table_association",
      "name": "rtb-pri-association",
      "provider": "provider[\"registry.terraform.io/hashicorp/aws\"]",
      "instances": [
        {
          "schema_version": 0,
          "attributes": {
            "gateway_id": "",
            "id": "rtbassoc-04106e640016cfd66",
            "route_table_id": "rtb-081ca3933d21881ca",
            "subnet_id": "subnet-017838f368c6a1c0c",
            "timeouts": null
          },
          "sensitive_attributes": [],
          "private": "eyJlMmJmYjczMC1lY2FhLTExZTYtOGY4OC0zNDM2M2JjN2M0YzAiOnsiY3JlYXRlIjozMDAwMDAwMDAwMDAsImRlbGV0ZSI6MzAwMDAwMDAwMDAwLCJ1cGRhdGUiOjEyMDAwMDAwMDAwMH19",
          "dependencies": [
            "aws_route_table.rtb-pub-tfg",
            "aws_subnet.sub_pri_tfg",
            "aws_vpc.vpc_tech_for_good"
          ]
        }
      ]
    },
    {
      "mode": "managed",
      "type": "aws_route_table_association",
      "name": "rtb-pub-association-a",
      "provider": "provider[\"registry.terraform.io/hashicorp/aws\"]",
      "instances": [
        {
          "schema_version": 0,
          "attributes": {
            "gateway_id": "",
            "id": "rtbassoc-0ee9619cab763bd9b",
            "route_table_id": "rtb-081ca3933d21881ca",
            "subnet_id": "subnet-0f6c55ebf859abf7c",
            "timeouts": null
          },
          "sensitive_attributes": [],
          "private": "eyJlMmJmYjczMC1lY2FhLTExZTYtOGY4OC0zNDM2M2JjN2M0YzAiOnsiY3JlYXRlIjozMDAwMDAwMDAwMDAsImRlbGV0ZSI6MzAwMDAwMDAwMDAwLCJ1cGRhdGUiOjEyMDAwMDAwMDAwMH19",
          "dependencies": [
            "aws_route_table.rtb-pub-tfg",
            "aws_subnet.sub_pub_tfg_a",
            "aws_vpc.vpc_tech_for_good"
          ]
        }
      ]
    },
    {
      "mode": "managed",
      "type": "aws_route_table_association",
      "name": "rtb-pub-association-b",
      "provider": "provider[\"registry.terraform.io/hashicorp/aws\"]",
      "instances": [
        {
          "schema_version": 0,
          "attributes": {
            "gateway_id": "",
            "id": "rtbassoc-088a37cf08993e05b",
            "route_table_id": "rtb-081ca3933d21881ca",
            "subnet_id": "subnet-06a86f04d064167af",
            "timeouts": null
          },
          "sensitive_attributes": [],
          "private": "eyJlMmJmYjczMC1lY2FhLTExZTYtOGY4OC0zNDM2M2JjN2M0YzAiOnsiY3JlYXRlIjozMDAwMDAwMDAwMDAsImRlbGV0ZSI6MzAwMDAwMDAwMDAwLCJ1cGRhdGUiOjEyMDAwMDAwMDAwMH19",
          "dependencies": [
            "aws_route_table.rtb-pub-tfg",
            "aws_subnet.sub_pub_tfg_b",
            "aws_vpc.vpc_tech_for_good"
          ]
        }
      ]
    },
    {
      "mode": "managed",
      "type": "aws_s3_bucket",
      "name": "scrt_s3",
      "provider": "provider[\"registry.terraform.io/hashicorp/aws\"]",
      "instances": [
        {
          "schema_version": 0,
          "attributes": {
            "acceleration_status": "",
            "acl": null,
            "arn": "arn:aws:s3:::s3-scrt",
            "bucket": "s3-scrt",
            "bucket_domain_name": "s3-scrt.s3.amazonaws.com",
            "bucket_prefix": "",
            "bucket_regional_domain_name": "s3-scrt.s3.amazonaws.com",
            "cors_rule": [],
            "force_destroy": false,
            "grant": [
              {
                "id": "8fd17c309d8f894defa133ef01d34b2509396aaded8cf43d276f3cf07ecea164",
                "permissions": [
                  "FULL_CONTROL"
                ],
                "type": "CanonicalUser",
                "uri": ""
              }
            ],
            "hosted_zone_id": "Z3AQBSTGFYJSTF",
            "id": "s3-scrt",
            "lifecycle_rule": [],
            "logging": [],
            "object_lock_configuration": [],
            "object_lock_enabled": false,
            "policy": "",
            "region": "us-east-1",
            "replication_configuration": [],
            "request_payer": "BucketOwner",
            "server_side_encryption_configuration": [
              {
                "rule": [
                  {
                    "apply_server_side_encryption_by_default": [
                      {
                        "kms_master_key_id": "",
                        "sse_algorithm": "AES256"
                      }
                    ],
                    "bucket_key_enabled": false
                  }
                ]
              }
            ],
            "tags": {},
            "tags_all": {},
            "timeouts": null,
            "versioning": [
              {
                "enabled": true,
                "mfa_delete": false
              }
            ],
            "website": [],
            "website_domain": null,
            "website_endpoint": null
          },
          "sensitive_attributes": [],
          "private": "eyJlMmJmYjczMC1lY2FhLTExZTYtOGY4OC0zNDM2M2JjN2M0YzAiOnsiY3JlYXRlIjoxMjAwMDAwMDAwMDAwLCJkZWxldGUiOjM2MDAwMDAwMDAwMDAsInJlYWQiOjEyMDAwMDAwMDAwMDAsInVwZGF0ZSI6MTIwMDAwMDAwMDAwMH19"
        }
      ]
    },
    {
      "mode": "managed",
      "type": "aws_s3_bucket_public_access_block",
      "name": "my_protected_bucket_access",
      "provider": "provider[\"registry.terraform.io/hashicorp/aws\"]",
      "instances": [
        {
          "schema_version": 0,
          "attributes": {
            "block_public_acls": false,
            "block_public_policy": false,
            "bucket": "s3-scrt",
            "id": "s3-scrt",
            "ignore_public_acls": false,
            "restrict_public_buckets": false
          },
          "sensitive_attributes": [],
          "private": "bnVsbA==",
          "dependencies": [
            "aws_s3_bucket.scrt_s3"
          ]
        }
      ]
    },
    {
      "mode": "managed",
      "type": "aws_s3_bucket_versioning",
      "name": "my_protected_bucket_versioning",
      "provider": "provider[\"registry.terraform.io/hashicorp/aws\"]",
      "instances": [
        {
          "schema_version": 0,
          "attributes": {
            "bucket": "s3-scrt",
            "expected_bucket_owner": "",
            "id": "s3-scrt",
            "mfa": null,
            "versioning_configuration": [
              {
                "mfa_delete": "",
                "status": "Enabled"
              }
            ]
          },
          "sensitive_attributes": [],
          "private": "bnVsbA==",
          "dependencies": [
            "aws_s3_bucket.scrt_s3"
          ]
        }
      ]
    },
    {
      "mode": "managed",
      "type": "aws_security_group",
      "name": "sg_pri_tech_for_good",
      "provider": "provider[\"registry.terraform.io/hashicorp/aws\"]",
      "instances": [
        {
          "schema_version": 1,
          "attributes": {
            "arn": "arn:aws:ec2:us-east-1:504193686034:security-group/sg-0a733e0e200980748",
            "description": "Managed by Terraform",
            "egress": [],
            "id": "sg-0a733e0e200980748",
            "ingress": [
              {
                "cidr_blocks": [
                  "0.0.0.0/0"
                ],
                "description": "",
                "from_port": 22,
                "ipv6_cidr_blocks": [],
                "prefix_list_ids": [],
                "protocol": "tcp",
                "security_groups": [],
                "self": false,
                "to_port": 22
              }
            ],
            "name": "sg_pri_tech_for_good",
            "name_prefix": "",
            "owner_id": "504193686034",
            "revoke_rules_on_delete": false,
            "tags": {},
            "tags_all": {},
            "timeouts": null,
            "vpc_id": "vpc-0323baf6f8968663b"
          },
          "sensitive_attributes": [],
          "private": "eyJlMmJmYjczMC1lY2FhLTExZTYtOGY4OC0zNDM2M2JjN2M0YzAiOnsiY3JlYXRlIjo2MDAwMDAwMDAwMDAsImRlbGV0ZSI6OTAwMDAwMDAwMDAwfSwic2NoZW1hX3ZlcnNpb24iOiIxIn0=",
          "dependencies": [
            "aws_vpc.vpc_tech_for_good"
          ]
        }
      ]
    },
    {
      "mode": "managed",
      "type": "aws_security_group",
      "name": "sg_pub_tech_for_good",
      "provider": "provider[\"registry.terraform.io/hashicorp/aws\"]",
      "instances": [
        {
          "schema_version": 1,
          "attributes": {
            "arn": "arn:aws:ec2:us-east-1:504193686034:security-group/sg-093f5025997176f3e",
            "description": "Managed by Terraform",
            "egress": [
              {
                "cidr_blocks": [
                  "0.0.0.0/0"
                ],
                "description": "",
                "from_port": 443,
                "ipv6_cidr_blocks": [],
                "prefix_list_ids": [],
                "protocol": "tcp",
                "security_groups": [],
                "self": false,
                "to_port": 443
              },
              {
                "cidr_blocks": [
                  "0.0.0.0/0"
                ],
                "description": "",
                "from_port": 80,
                "ipv6_cidr_blocks": [],
                "prefix_list_ids": [],
                "protocol": "tcp",
                "security_groups": [],
                "self": false,
                "to_port": 80
              }
            ],
            "id": "sg-093f5025997176f3e",
            "ingress": [
              {
                "cidr_blocks": [
                  "0.0.0.0/0"
                ],
                "description": "",
                "from_port": 22,
                "ipv6_cidr_blocks": [],
                "prefix_list_ids": [],
                "protocol": "tcp",
                "security_groups": [],
                "self": false,
                "to_port": 22
              },
              {
                "cidr_blocks": [
                  "0.0.0.0/0"
                ],
                "description": "",
                "from_port": 443,
                "ipv6_cidr_blocks": [],
                "prefix_list_ids": [],
                "protocol": "tcp",
                "security_groups": [],
                "self": false,
                "to_port": 443
              },
              {
                "cidr_blocks": [
                  "0.0.0.0/0"
                ],
                "description": "",
                "from_port": 80,
                "ipv6_cidr_blocks": [],
                "prefix_list_ids": [],
                "protocol": "tcp",
                "security_groups": [],
                "self": false,
                "to_port": 80
              }
            ],
            "name": "sg_pub_tech_for_good",
            "name_prefix": "",
            "owner_id": "504193686034",
            "revoke_rules_on_delete": false,
            "tags": {},
            "tags_all": {},
            "timeouts": null,
            "vpc_id": "vpc-0323baf6f8968663b"
          },
          "sensitive_attributes": [],
          "private": "eyJlMmJmYjczMC1lY2FhLTExZTYtOGY4OC0zNDM2M2JjN2M0YzAiOnsiY3JlYXRlIjo2MDAwMDAwMDAwMDAsImRlbGV0ZSI6OTAwMDAwMDAwMDAwfSwic2NoZW1hX3ZlcnNpb24iOiIxIn0=",
          "dependencies": [
            "aws_vpc.vpc_tech_for_good"
          ]
        }
      ]
    },
    {
      "mode": "managed",
      "type": "aws_subnet",
      "name": "sub_pri_tfg",
      "provider": "provider[\"registry.terraform.io/hashicorp/aws\"]",
      "instances": [
        {
          "schema_version": 1,
          "attributes": {
            "arn": "arn:aws:ec2:us-east-1:504193686034:subnet/subnet-017838f368c6a1c0c",
            "assign_ipv6_address_on_creation": false,
            "availability_zone": "us-east-1a",
            "availability_zone_id": "use1-az2",
            "cidr_block": "10.0.3.0/24",
            "customer_owned_ipv4_pool": "",
            "enable_dns64": false,
            "enable_lni_at_device_index": 0,
            "enable_resource_name_dns_a_record_on_launch": false,
            "enable_resource_name_dns_aaaa_record_on_launch": false,
            "id": "subnet-017838f368c6a1c0c",
            "ipv6_cidr_block": "",
            "ipv6_cidr_block_association_id": "",
            "ipv6_native": false,
            "map_customer_owned_ip_on_launch": false,
            "map_public_ip_on_launch": false,
            "outpost_arn": "",
            "owner_id": "504193686034",
            "private_dns_hostname_type_on_launch": "ip-name",
            "tags": {
              "Name": "sub_pri_tfg"
            },
            "tags_all": {
              "Name": "sub_pri_tfg"
            },
            "timeouts": null,
            "vpc_id": "vpc-0323baf6f8968663b"
          },
          "sensitive_attributes": [],
          "private": "eyJlMmJmYjczMC1lY2FhLTExZTYtOGY4OC0zNDM2M2JjN2M0YzAiOnsiY3JlYXRlIjo2MDAwMDAwMDAwMDAsImRlbGV0ZSI6MTIwMDAwMDAwMDAwMH0sInNjaGVtYV92ZXJzaW9uIjoiMSJ9",
          "dependencies": [
            "aws_vpc.vpc_tech_for_good"
          ]
        }
      ]
    },
    {
      "mode": "managed",
      "type": "aws_subnet",
      "name": "sub_pub_tfg_a",
      "provider": "provider[\"registry.terraform.io/hashicorp/aws\"]",
      "instances": [
        {
          "schema_version": 1,
          "attributes": {
            "arn": "arn:aws:ec2:us-east-1:504193686034:subnet/subnet-0f6c55ebf859abf7c",
            "assign_ipv6_address_on_creation": false,
            "availability_zone": "us-east-1a",
            "availability_zone_id": "use1-az2",
            "cidr_block": "10.0.1.0/24",
            "customer_owned_ipv4_pool": "",
            "enable_dns64": false,
            "enable_lni_at_device_index": 0,
            "enable_resource_name_dns_a_record_on_launch": true,
            "enable_resource_name_dns_aaaa_record_on_launch": false,
            "id": "subnet-0f6c55ebf859abf7c",
            "ipv6_cidr_block": "",
            "ipv6_cidr_block_association_id": "",
            "ipv6_native": false,
            "map_customer_owned_ip_on_launch": false,
            "map_public_ip_on_launch": true,
            "outpost_arn": "",
            "owner_id": "504193686034",
            "private_dns_hostname_type_on_launch": "ip-name",
            "tags": {
              "Name": "sub_pub_tfg_a"
            },
            "tags_all": {
              "Name": "sub_pub_tfg_a"
            },
            "timeouts": null,
            "vpc_id": "vpc-0323baf6f8968663b"
          },
          "sensitive_attributes": [],
          "private": "eyJlMmJmYjczMC1lY2FhLTExZTYtOGY4OC0zNDM2M2JjN2M0YzAiOnsiY3JlYXRlIjo2MDAwMDAwMDAwMDAsImRlbGV0ZSI6MTIwMDAwMDAwMDAwMH0sInNjaGVtYV92ZXJzaW9uIjoiMSJ9",
          "dependencies": [
            "aws_vpc.vpc_tech_for_good"
          ]
        }
      ]
    },
    {
      "mode": "managed",
      "type": "aws_subnet",
      "name": "sub_pub_tfg_b",
      "provider": "provider[\"registry.terraform.io/hashicorp/aws\"]",
      "instances": [
        {
          "schema_version": 1,
          "attributes": {
            "arn": "arn:aws:ec2:us-east-1:504193686034:subnet/subnet-06a86f04d064167af",
            "assign_ipv6_address_on_creation": false,
            "availability_zone": "us-east-1b",
            "availability_zone_id": "use1-az4",
            "cidr_block": "10.0.4.0/25",
            "customer_owned_ipv4_pool": "",
            "enable_dns64": false,
            "enable_lni_at_device_index": 0,
            "enable_resource_name_dns_a_record_on_launch": true,
            "enable_resource_name_dns_aaaa_record_on_launch": false,
            "id": "subnet-06a86f04d064167af",
            "ipv6_cidr_block": "",
            "ipv6_cidr_block_association_id": "",
            "ipv6_native": false,
            "map_customer_owned_ip_on_launch": false,
            "map_public_ip_on_launch": true,
            "outpost_arn": "",
            "owner_id": "504193686034",
            "private_dns_hostname_type_on_launch": "ip-name",
            "tags": {
              "Name": "sub_pub_tfg_b"
            },
            "tags_all": {
              "Name": "sub_pub_tfg_b"
            },
            "timeouts": null,
            "vpc_id": "vpc-0323baf6f8968663b"
          },
          "sensitive_attributes": [],
          "private": "eyJlMmJmYjczMC1lY2FhLTExZTYtOGY4OC0zNDM2M2JjN2M0YzAiOnsiY3JlYXRlIjo2MDAwMDAwMDAwMDAsImRlbGV0ZSI6MTIwMDAwMDAwMDAwMH0sInNjaGVtYV92ZXJzaW9uIjoiMSJ9",
          "dependencies": [
            "aws_vpc.vpc_tech_for_good"
          ]
        }
      ]
    },
    {
      "mode": "managed",
      "type": "aws_volume_attachment",
      "name": "attach_ebs",
      "provider": "provider[\"registry.terraform.io/hashicorp/aws\"]",
      "instances": [
        {
          "schema_version": 0,
          "attributes": {
            "device_name": "/dev/sdh",
            "force_detach": null,
            "id": "vai-672614660",
            "instance_id": "i-0d9b3617e608e0be4",
            "skip_destroy": null,
            "stop_instance_before_detaching": null,
            "timeouts": null,
            "volume_id": "vol-0e97ecc7e20bb241e"
          },
          "sensitive_attributes": [],
          "private": "eyJlMmJmYjczMC1lY2FhLTExZTYtOGY4OC0zNDM2M2JjN2M0YzAiOnsiY3JlYXRlIjozMDAwMDAwMDAwMDAsImRlbGV0ZSI6MzAwMDAwMDAwMDAwfX0=",
          "dependencies": [
            "aws_ebs_volume.ebs_scrt",
            "aws_instance.ec2-iac-pub-tfg-a",
            "aws_security_group.sg_pub_tech_for_good",
            "aws_subnet.sub_pub_tfg_a",
            "aws_vpc.vpc_tech_for_good"
          ]
        }
      ]
    },
    {
      "mode": "managed",
      "type": "aws_vpc",
      "name": "vpc_tech_for_good",
      "provider": "provider[\"registry.terraform.io/hashicorp/aws\"]",
      "instances": [
        {
          "schema_version": 1,
          "attributes": {
            "arn": "arn:aws:ec2:us-east-1:504193686034:vpc/vpc-0323baf6f8968663b",
            "assign_generated_ipv6_cidr_block": false,
            "cidr_block": "10.0.0.0/16",
            "default_network_acl_id": "acl-053bdf1313315a75f",
            "default_route_table_id": "rtb-099798060fa251972",
            "default_security_group_id": "sg-093f565e63751e73b",
            "dhcp_options_id": "dopt-00782cc7661a9b96b",
            "enable_classiclink": false,
            "enable_classiclink_dns_support": false,
            "enable_dns_hostnames": false,
            "enable_dns_support": true,
            "enable_network_address_usage_metrics": false,
            "id": "vpc-0323baf6f8968663b",
            "instance_tenancy": "default",
            "ipv4_ipam_pool_id": null,
            "ipv4_netmask_length": null,
            "ipv6_association_id": "",
            "ipv6_cidr_block": "",
            "ipv6_cidr_block_network_border_group": "",
            "ipv6_ipam_pool_id": "",
            "ipv6_netmask_length": 0,
            "main_route_table_id": "rtb-099798060fa251972",
            "owner_id": "504193686034",
            "tags": {
              "Name": "vpc_tech_for_good"
            },
            "tags_all": {
              "Name": "vpc_tech_for_good"
            }
          },
          "sensitive_attributes": [],
          "private": "eyJzY2hlbWFfdmVyc2lvbiI6IjEifQ=="
        }
      ]
    },
    {
      "mode": "managed",
      "type": "tls_private_key",
      "name": "tfg_key",
      "provider": "provider[\"registry.terraform.io/hashicorp/tls\"]",
      "instances": [
        {
          "schema_version": 1,
          "attributes": {
            "algorithm": "RSA",
            "ecdsa_curve": "P224",
            "id": "0744e9adb7be1f7c849eb4de8eca1f92a1737da2",
            "private_key_openssh": "-----BEGIN OPENSSH PRIVATE KEY-----\nb3BlbnNzaC1rZXktdjEAAAAABG5vbmUAAAAEbm9uZQAAAAAAAAABAAACFwAAAAdz\nc2gtcnNhAAAAAwEAAQAAAgEA439BM6NRxG1HHYCXTf+cyYmGAfuFvT1JMqfi9Sxk\njHlwuqOb6hlEH9+BIdd9lr9YnwCXfyi0q/zlZnPuJaf0rWPiM6Rim/LelR1rcEf3\n78s9QYvBBKHD0HPppVgkIZwN/bgS8uesQQOmWFQ+h1KMHSeHMS6FKBuDuJmf2Eyo\niPD/I29RzSKTTx+2dGNsfbGkmbpnRMpjdOOhS4n+WFDzK6Nq7PlsNj81vbHc3MrN\nfsvkYmMMmr/t3NoB40pqQAdwxrS9YF6IbuwQbzre4a+Lu1XOc+mZULd+kfU0jAzp\nruZFH2BOI9yNGwe6JCkti8uwHkSnx3PH5iglm6SfH0lGtgJQDb8oFyd4TpHKMlm9\nyLOgd4j/FahE++eODkr9AgDpraWGoV9f85M8TsJZBEvG5+4DmBiP6Q0Ergb+GYbc\nHSp/gt5JsJAVeZ7Q/d3tF3KngGMVo1ORjwyJdrxMi96PgOGcafwfHI6Lh2ElWieC\ndQjrMFaSQUhfV0+gEU+E2vveLyWovfmrkmcP+LfjPf/YLrglUckLvYkC0ct0pHGM\n8xNOVuR8AaHIErPNp9elLS8cS7zJNTYUy8L3VhJ/s/uFOYuqKMaS2d0MKlQCCCzm\nkQH5Oq7qisUK4Wd5G8APJZTC2rkTHawNVEkR7ZrbnVewsJxa46YgX8hTYWVUUO8n\nJ0MAAAc46BmQnOgZkJwAAAAHc3NoLXJzYQAAAgEA439BM6NRxG1HHYCXTf+cyYmG\nAfuFvT1JMqfi9SxkjHlwuqOb6hlEH9+BIdd9lr9YnwCXfyi0q/zlZnPuJaf0rWPi\nM6Rim/LelR1rcEf378s9QYvBBKHD0HPppVgkIZwN/bgS8uesQQOmWFQ+h1KMHSeH\nMS6FKBuDuJmf2EyoiPD/I29RzSKTTx+2dGNsfbGkmbpnRMpjdOOhS4n+WFDzK6Nq\n7PlsNj81vbHc3MrNfsvkYmMMmr/t3NoB40pqQAdwxrS9YF6IbuwQbzre4a+Lu1XO\nc+mZULd+kfU0jAzpruZFH2BOI9yNGwe6JCkti8uwHkSnx3PH5iglm6SfH0lGtgJQ\nDb8oFyd4TpHKMlm9yLOgd4j/FahE++eODkr9AgDpraWGoV9f85M8TsJZBEvG5+4D\nmBiP6Q0Ergb+GYbcHSp/gt5JsJAVeZ7Q/d3tF3KngGMVo1ORjwyJdrxMi96PgOGc\nafwfHI6Lh2ElWieCdQjrMFaSQUhfV0+gEU+E2vveLyWovfmrkmcP+LfjPf/YLrgl\nUckLvYkC0ct0pHGM8xNOVuR8AaHIErPNp9elLS8cS7zJNTYUy8L3VhJ/s/uFOYuq\nKMaS2d0MKlQCCCzmkQH5Oq7qisUK4Wd5G8APJZTC2rkTHawNVEkR7ZrbnVewsJxa\n46YgX8hTYWVUUO8nJ0MAAAADAQABAAACAQDN8ojTN3mxagAkPCI9UTbd2CrBprKm\n41Fdk1DKBRstdE7SF4TxQ1hBxnM/cLZX/vc6Ui3TxsTwoewGeNLRsh+1zCOd/qXq\nac6IjW6S4gQZSBM3QE5HZC5Bin2s2oMzDfQ4iShWT9bHsIcplXJZzSfcyMkBhAy1\nh1sShbiH9rXn6sv+hys1mqRiz+G7sbooe+X36SDNzK6Gxf9hxBXGW9oX2kPVLeOB\npG2BQgAgvVOVAv3I98QUX8X01kM5QUe4mUPGDx8Vm97FE9245EGba/ECcaaJlqLd\nyI/DkIi2dIYkeH+A7Q0wN9xh6Pfg/ool8QqKDDsbO7xupk+NfFU03IAuVcKTYBoB\nSW0NJ0vB5wMPaNut/T+x6kpVhNe1S+VW04m5jcJnYpdQSq0/Ky8Fp6tyGSexw/si\no1BAJ6U4R5Lx1KE32U9feq7hTJ6Jfw8a5lwmezMkmC8DTf6CtyXKFfBLR1+qximG\n5zX9pxpBuXPgZfI934Xz5/ZXxT5sTIBiocne37BEQ20zLOM5udc5VpyYCT4q6fYq\n3YZih6TllBu/83HkM/F4KdwVsKrF/WktjxIYFT0wmRfUOb7T4EYYTLH0iGuZ1Yqx\nT+skMbddBSe6r+pq/HC1DYz/FmwiDvZqiz9tN63spUUh+J6stqNQZSY9CDllj2a+\nn3WrWXpQ7ycw6QAAAQEAsnm75wx4qQCeEcyYmgGXDwsS0jAsILLnCAEMe6lw1miJ\nO/LvkGy+MyWu9XhTgg54b6KFwpsmP41BrqbMv6/1BuUMglGjHSzHcnf+ywkKat6I\nK/Lo2nVm9AV4zckpbJlOXNXtF6BxgkrVIgVxjAHwA31nW3JamcPd97Zw3h7lgyKN\nFKrI5DnEMvQpbNOta/3AQ32wt42BPNMVASZLtdWb6lOrHgllpNmh9hLupmfTx8Lk\nQqjGV2YiwRFlMadTu3bA7IedfVqxpMprafdlfqmjJifpxTiUgvdOUekJR0H+RsMD\nOp5oqaLQMHI96maJyxuuMjC62b2sMhDlBTUPxr85DQAAAQEA5vjmU3RVbN3R00wv\ngKz7ZfJ4jdatU1IVB4Wirq7kVQiT7GbD0bh3OcImcyyCS+QX1QwQb9KhyUBJrLh2\nR1H8IdmWZaJPe1sGvQW87Pk5oDc2gDP5mWPgL6jZKbTVULEKhw4dTJmFG4t2db3A\nQf9SNweMfF7ZVpXc5mAXXmGWjYTRYc0Zj4Dw9uoPGDCS2roGz3EVrHbh0T0pJJgl\nlzXBvdXE7YNnovC0jsX1FRofNXOd0R5ZED5rG6RmsX+TYYyWOYg+uvjiXofQjbcC\nZ9FYyoYrdY06c2yFWs3GvP3snOq1b53cETrJZjE/rc/Z0nhQ2LoU1i39kOB2d4wg\nS23JrQAAAQEA/CX0ZNKSfvTzkSJYFOEV8yb4RqhK4NQynCDDuRU6qw+377Dv0p71\nv/i0xn91ZIbbzAhiZH63zN2bPAx3HbbD4XohJ3sF0fQOrtx/+srXI/kh+vgRJD7H\n7rY2yuv4NhE8LVTWTEBfEB2bTHcF/+DOE1kfimSL/MWQ0OS8JxANaSW+duEQ+aPW\np1R0e2apEN9ajc8wf+gEJUvzrfY6j4OdVMo23mqSNKN+5nmCmJI6/eJ8WFH+rcx7\naHAk+ETSn4KwR/8DmQDjDUHIrWS/zjOO+VTVeC614MZIZKmaogFgPnd+Y75xz2wa\n8OPFkgSrfRRcZ7kIYx1SQ3FwQUXaCGCyrwAAAAAB\n-----END OPENSSH PRIVATE KEY-----\n",
            "private_key_pem": "-----BEGIN RSA PRIVATE KEY-----\nMIIJKwIBAAKCAgEA439BM6NRxG1HHYCXTf+cyYmGAfuFvT1JMqfi9SxkjHlwuqOb\n6hlEH9+BIdd9lr9YnwCXfyi0q/zlZnPuJaf0rWPiM6Rim/LelR1rcEf378s9QYvB\nBKHD0HPppVgkIZwN/bgS8uesQQOmWFQ+h1KMHSeHMS6FKBuDuJmf2EyoiPD/I29R\nzSKTTx+2dGNsfbGkmbpnRMpjdOOhS4n+WFDzK6Nq7PlsNj81vbHc3MrNfsvkYmMM\nmr/t3NoB40pqQAdwxrS9YF6IbuwQbzre4a+Lu1XOc+mZULd+kfU0jAzpruZFH2BO\nI9yNGwe6JCkti8uwHkSnx3PH5iglm6SfH0lGtgJQDb8oFyd4TpHKMlm9yLOgd4j/\nFahE++eODkr9AgDpraWGoV9f85M8TsJZBEvG5+4DmBiP6Q0Ergb+GYbcHSp/gt5J\nsJAVeZ7Q/d3tF3KngGMVo1ORjwyJdrxMi96PgOGcafwfHI6Lh2ElWieCdQjrMFaS\nQUhfV0+gEU+E2vveLyWovfmrkmcP+LfjPf/YLrglUckLvYkC0ct0pHGM8xNOVuR8\nAaHIErPNp9elLS8cS7zJNTYUy8L3VhJ/s/uFOYuqKMaS2d0MKlQCCCzmkQH5Oq7q\nisUK4Wd5G8APJZTC2rkTHawNVEkR7ZrbnVewsJxa46YgX8hTYWVUUO8nJ0MCAwEA\nAQKCAgEAzfKI0zd5sWoAJDwiPVE23dgqwaaypuNRXZNQygUbLXRO0heE8UNYQcZz\nP3C2V/73OlIt08bE8KHsBnjS0bIftcwjnf6l6mnOiI1ukuIEGUgTN0BOR2QuQYp9\nrNqDMw30OIkoVk/Wx7CHKZVyWc0n3MjJAYQMtYdbEoW4h/a15+rL/ocrNZqkYs/h\nu7G6KHvl9+kgzcyuhsX/YcQVxlvaF9pD1S3jgaRtgUIAIL1TlQL9yPfEFF/F9NZD\nOUFHuJlDxg8fFZvexRPduORBm2vxAnGmiZai3ciPw5CItnSGJHh/gO0NMDfcYej3\n4P6KJfEKigw7Gzu8bqZPjXxVNNyALlXCk2AaAUltDSdLwecDD2jbrf0/sepKVYTX\ntUvlVtOJuY3CZ2KXUEqtPysvBaerchknscP7IqNQQCelOEeS8dShN9lPX3qu4Uye\niX8PGuZcJnszJJgvA03+grclyhXwS0dfqsYphuc1/acaQblz4GXyPd+F8+f2V8U+\nbEyAYqHJ3t+wRENtMyzjObnXOVacmAk+Kun2Kt2GYoek5ZQbv/Nx5DPxeCncFbCq\nxf1pLY8SGBU9MJkX1Dm+0+BGGEyx9IhrmdWKsU/rJDG3XQUnuq/qavxwtQ2M/xZs\nIg72aos/bTet7KVFIfierLajUGUmPQg5ZY9mvp91q1l6UO8nMOkCggEBAOb45lN0\nVWzd0dNML4Cs+2XyeI3WrVNSFQeFoq6u5FUIk+xmw9G4dznCJnMsgkvkF9UMEG/S\noclASay4dkdR/CHZlmWiT3tbBr0FvOz5OaA3NoAz+Zlj4C+o2Sm01VCxCocOHUyZ\nhRuLdnW9wEH/UjcHjHxe2VaV3OZgF15hlo2E0WHNGY+A8PbqDxgwktq6Bs9xFax2\n4dE9KSSYJZc1wb3VxO2DZ6LwtI7F9RUaHzVzndEeWRA+axukZrF/k2GMljmIPrr4\n4l6H0I23AmfRWMqGK3WNOnNshVrNxrz97JzqtW+d3BE6yWYxP63P2dJ4UNi6FNYt\n/ZDgdneMIEttya0CggEBAPwl9GTSkn7085EiWBThFfMm+EaoSuDUMpwgw7kVOqsP\nt++w79Ke9b/4tMZ/dWSG28wIYmR+t8zdmzwMdx22w+F6ISd7BdH0Dq7cf/rK1yP5\nIfr4ESQ+x+62Nsrr+DYRPC1U1kxAXxAdm0x3Bf/gzhNZH4pki/zFkNDkvCcQDWkl\nvnbhEPmj1qdUdHtmqRDfWo3PMH/oBCVL8632Oo+DnVTKNt5qkjSjfuZ5gpiSOv3i\nfFhR/q3Me2hwJPhE0p+CsEf/A5kA4w1ByK1kv84zjvlU1XguteDGSGSpmqIBYD53\nfmO+cc9sGvDjxZIEq30UXGe5CGMdUkNxcEFF2ghgsq8CggEBAK2zzExA9im8nJuC\n9UqZTSu7cYyCQbGizmvsxY8HunJ01AJ6upPTXd7TM2V0uLzoWkAAJbBjQQcAUSgT\nReiXML4oTGI88fd8WpH3acDyIbNrMpKyA+mm4igVnNQvyik4LAmrxL8hyagQd1NP\nE/LOWH9ILxAtqNfkNtAOviRd0gK2O12JCMsSlqWrGxT/GsJiGtMRYdJlSai5jWKX\nBdY1OHJS/Rn+tAcnbTLej1WCYqwpOivV3fdIafbM6epdXnKDb0rvOvYUTPH4xBB/\n7NA08cjFpJNwVeAOYjALB4aElNjh7vd1SdavVl2Ddjd6VH9jurFzKE53IfY9yPpZ\nKMRxWbUCggEBAO61j/WTVJVUmPIhrXm2zezwS8O4t4q52V/ttN2Xt38S1nPY8nJX\ngxhG//2b1SticNtsZJn3TVJpyfjDZFGBIVhpItIZqZzmjLAGmDJ5rcukpALQrom9\n1dGsN5tMYiPtlSblVivCFT1QiiGN3OQtk2rFyRJftheLgloA8g+ZJtkQnow07rkn\n3qNzVQMuYYhTq4rtR2EP6jzU9tEOdso/M8d92QwfoGKtFgpjpruCVM7eiBGlLpKj\nL4HkCVvw6+WO+Axw5JsJN+rpCG7/Hoa8UPLC2YV50z4E+awy1O3il5cL0V/kgCJ6\nmdbMC9L9EMzNZd3cUpBixeqLjlZ9JrkfsokCggEBALJ5u+cMeKkAnhHMmJoBlw8L\nEtIwLCCy5wgBDHupcNZoiTvy75BsvjMlrvV4U4IOeG+ihcKbJj+NQa6mzL+v9Qbl\nDIJRox0sx3J3/ssJCmreiCvy6Np1ZvQFeM3JKWyZTlzV7RegcYJK1SIFcYwB8AN9\nZ1tyWpnD3fe2cN4e5YMijRSqyOQ5xDL0KWzTrWv9wEN9sLeNgTzTFQEmS7XVm+pT\nqx4JZaTZofYS7qZn08fC5EKoxldmIsERZTGnU7t2wOyHnX1asaTKa2n3ZX6poyYn\n6cU4lIL3TlHpCUdB/kbDAzqeaKmi0DByPepmicsbrjIwutm9rDIQ5QU1D8a/OQ0=\n-----END RSA PRIVATE KEY-----\n",
            "private_key_pem_pkcs8": "-----BEGIN PRIVATE KEY-----\nMIIJRQIBADANBgkqhkiG9w0BAQEFAASCCS8wggkrAgEAAoICAQDjf0Ezo1HEbUcd\ngJdN/5zJiYYB+4W9PUkyp+L1LGSMeXC6o5vqGUQf34Eh132Wv1ifAJd/KLSr/OVm\nc+4lp/StY+IzpGKb8t6VHWtwR/fvyz1Bi8EEocPQc+mlWCQhnA39uBLy56xBA6ZY\nVD6HUowdJ4cxLoUoG4O4mZ/YTKiI8P8jb1HNIpNPH7Z0Y2x9saSZumdEymN046FL\nif5YUPMro2rs+Ww2PzW9sdzcys1+y+RiYwyav+3c2gHjSmpAB3DGtL1gXohu7BBv\nOt7hr4u7Vc5z6ZlQt36R9TSMDOmu5kUfYE4j3I0bB7okKS2Ly7AeRKfHc8fmKCWb\npJ8fSUa2AlANvygXJ3hOkcoyWb3Is6B3iP8VqET7544OSv0CAOmtpYahX1/zkzxO\nwlkES8bn7gOYGI/pDQSuBv4ZhtwdKn+C3kmwkBV5ntD93e0XcqeAYxWjU5GPDIl2\nvEyL3o+A4Zxp/B8cjouHYSVaJ4J1COswVpJBSF9XT6ART4Ta+94vJai9+auSZw/4\nt+M9/9guuCVRyQu9iQLRy3SkcYzzE05W5HwBocgSs82n16UtLxxLvMk1NhTLwvdW\nEn+z+4U5i6ooxpLZ3QwqVAIILOaRAfk6ruqKxQrhZ3kbwA8llMLauRMdrA1USRHt\nmtudV7CwnFrjpiBfyFNhZVRQ7ycnQwIDAQABAoICAQDN8ojTN3mxagAkPCI9UTbd\n2CrBprKm41Fdk1DKBRstdE7SF4TxQ1hBxnM/cLZX/vc6Ui3TxsTwoewGeNLRsh+1\nzCOd/qXqac6IjW6S4gQZSBM3QE5HZC5Bin2s2oMzDfQ4iShWT9bHsIcplXJZzSfc\nyMkBhAy1h1sShbiH9rXn6sv+hys1mqRiz+G7sbooe+X36SDNzK6Gxf9hxBXGW9oX\n2kPVLeOBpG2BQgAgvVOVAv3I98QUX8X01kM5QUe4mUPGDx8Vm97FE9245EGba/EC\ncaaJlqLdyI/DkIi2dIYkeH+A7Q0wN9xh6Pfg/ool8QqKDDsbO7xupk+NfFU03IAu\nVcKTYBoBSW0NJ0vB5wMPaNut/T+x6kpVhNe1S+VW04m5jcJnYpdQSq0/Ky8Fp6ty\nGSexw/sio1BAJ6U4R5Lx1KE32U9feq7hTJ6Jfw8a5lwmezMkmC8DTf6CtyXKFfBL\nR1+qximG5zX9pxpBuXPgZfI934Xz5/ZXxT5sTIBiocne37BEQ20zLOM5udc5VpyY\nCT4q6fYq3YZih6TllBu/83HkM/F4KdwVsKrF/WktjxIYFT0wmRfUOb7T4EYYTLH0\niGuZ1YqxT+skMbddBSe6r+pq/HC1DYz/FmwiDvZqiz9tN63spUUh+J6stqNQZSY9\nCDllj2a+n3WrWXpQ7ycw6QKCAQEA5vjmU3RVbN3R00wvgKz7ZfJ4jdatU1IVB4Wi\nrq7kVQiT7GbD0bh3OcImcyyCS+QX1QwQb9KhyUBJrLh2R1H8IdmWZaJPe1sGvQW8\n7Pk5oDc2gDP5mWPgL6jZKbTVULEKhw4dTJmFG4t2db3AQf9SNweMfF7ZVpXc5mAX\nXmGWjYTRYc0Zj4Dw9uoPGDCS2roGz3EVrHbh0T0pJJgllzXBvdXE7YNnovC0jsX1\nFRofNXOd0R5ZED5rG6RmsX+TYYyWOYg+uvjiXofQjbcCZ9FYyoYrdY06c2yFWs3G\nvP3snOq1b53cETrJZjE/rc/Z0nhQ2LoU1i39kOB2d4wgS23JrQKCAQEA/CX0ZNKS\nfvTzkSJYFOEV8yb4RqhK4NQynCDDuRU6qw+377Dv0p71v/i0xn91ZIbbzAhiZH63\nzN2bPAx3HbbD4XohJ3sF0fQOrtx/+srXI/kh+vgRJD7H7rY2yuv4NhE8LVTWTEBf\nEB2bTHcF/+DOE1kfimSL/MWQ0OS8JxANaSW+duEQ+aPWp1R0e2apEN9ajc8wf+gE\nJUvzrfY6j4OdVMo23mqSNKN+5nmCmJI6/eJ8WFH+rcx7aHAk+ETSn4KwR/8DmQDj\nDUHIrWS/zjOO+VTVeC614MZIZKmaogFgPnd+Y75xz2wa8OPFkgSrfRRcZ7kIYx1S\nQ3FwQUXaCGCyrwKCAQEArbPMTED2Kbycm4L1SplNK7txjIJBsaLOa+zFjwe6cnTU\nAnq6k9Nd3tMzZXS4vOhaQAAlsGNBBwBRKBNF6JcwvihMYjzx93xakfdpwPIhs2sy\nkrID6abiKBWc1C/KKTgsCavEvyHJqBB3U08T8s5Yf0gvEC2o1+Q20A6+JF3SArY7\nXYkIyxKWpasbFP8awmIa0xFh0mVJqLmNYpcF1jU4clL9Gf60BydtMt6PVYJirCk6\nK9Xd90hp9szp6l1ecoNvSu869hRM8fjEEH/s0DTxyMWkk3BV4A5iMAsHhoSU2OHu\n93VJ1q9WXYN2N3pUf2O6sXMoTnch9j3I+lkoxHFZtQKCAQEA7rWP9ZNUlVSY8iGt\nebbN7PBLw7i3irnZX+203Ze3fxLWc9jycleDGEb//ZvVK2Jw22xkmfdNUmnJ+MNk\nUYEhWGki0hmpnOaMsAaYMnmty6SkAtCuib3V0aw3m0xiI+2VJuVWK8IVPVCKIY3c\n5C2TasXJEl+2F4uCWgDyD5km2RCejDTuuSfeo3NVAy5hiFOriu1HYQ/qPNT20Q52\nyj8zx33ZDB+gYq0WCmOmu4JUzt6IEaUukqMvgeQJW/Dr5Y74DHDkmwk36ukIbv8e\nhrxQ8sLZhXnTPgT5rDLU7eKXlwvRX+SAInqZ1swL0v0QzM1l3dxSkGLF6ouOVn0m\nuR+yiQKCAQEAsnm75wx4qQCeEcyYmgGXDwsS0jAsILLnCAEMe6lw1miJO/LvkGy+\nMyWu9XhTgg54b6KFwpsmP41BrqbMv6/1BuUMglGjHSzHcnf+ywkKat6IK/Lo2nVm\n9AV4zckpbJlOXNXtF6BxgkrVIgVxjAHwA31nW3JamcPd97Zw3h7lgyKNFKrI5DnE\nMvQpbNOta/3AQ32wt42BPNMVASZLtdWb6lOrHgllpNmh9hLupmfTx8LkQqjGV2Yi\nwRFlMadTu3bA7IedfVqxpMprafdlfqmjJifpxTiUgvdOUekJR0H+RsMDOp5oqaLQ\nMHI96maJyxuuMjC62b2sMhDlBTUPxr85DQ==\n-----END PRIVATE KEY-----\n",
            "public_key_fingerprint_md5": "d8:c5:5a:09:7e:d2:06:5d:63:69:57:63:26:cd:5c:4d",
            "public_key_fingerprint_sha256": "SHA256:UXskokChDJ3v2CHpqtrpihwoSNNRjojc1Ud1E9Oh/ws",
            "public_key_openssh": "ssh-rsa AAAAB3NzaC1yc2EAAAADAQABAAACAQDjf0Ezo1HEbUcdgJdN/5zJiYYB+4W9PUkyp+L1LGSMeXC6o5vqGUQf34Eh132Wv1ifAJd/KLSr/OVmc+4lp/StY+IzpGKb8t6VHWtwR/fvyz1Bi8EEocPQc+mlWCQhnA39uBLy56xBA6ZYVD6HUowdJ4cxLoUoG4O4mZ/YTKiI8P8jb1HNIpNPH7Z0Y2x9saSZumdEymN046FLif5YUPMro2rs+Ww2PzW9sdzcys1+y+RiYwyav+3c2gHjSmpAB3DGtL1gXohu7BBvOt7hr4u7Vc5z6ZlQt36R9TSMDOmu5kUfYE4j3I0bB7okKS2Ly7AeRKfHc8fmKCWbpJ8fSUa2AlANvygXJ3hOkcoyWb3Is6B3iP8VqET7544OSv0CAOmtpYahX1/zkzxOwlkES8bn7gOYGI/pDQSuBv4ZhtwdKn+C3kmwkBV5ntD93e0XcqeAYxWjU5GPDIl2vEyL3o+A4Zxp/B8cjouHYSVaJ4J1COswVpJBSF9XT6ART4Ta+94vJai9+auSZw/4t+M9/9guuCVRyQu9iQLRy3SkcYzzE05W5HwBocgSs82n16UtLxxLvMk1NhTLwvdWEn+z+4U5i6ooxpLZ3QwqVAIILOaRAfk6ruqKxQrhZ3kbwA8llMLauRMdrA1USRHtmtudV7CwnFrjpiBfyFNhZVRQ7ycnQw==\n",
            "public_key_pem": "-----BEGIN PUBLIC KEY-----\nMIICIjANBgkqhkiG9w0BAQEFAAOCAg8AMIICCgKCAgEA439BM6NRxG1HHYCXTf+c\nyYmGAfuFvT1JMqfi9SxkjHlwuqOb6hlEH9+BIdd9lr9YnwCXfyi0q/zlZnPuJaf0\nrWPiM6Rim/LelR1rcEf378s9QYvBBKHD0HPppVgkIZwN/bgS8uesQQOmWFQ+h1KM\nHSeHMS6FKBuDuJmf2EyoiPD/I29RzSKTTx+2dGNsfbGkmbpnRMpjdOOhS4n+WFDz\nK6Nq7PlsNj81vbHc3MrNfsvkYmMMmr/t3NoB40pqQAdwxrS9YF6IbuwQbzre4a+L\nu1XOc+mZULd+kfU0jAzpruZFH2BOI9yNGwe6JCkti8uwHkSnx3PH5iglm6SfH0lG\ntgJQDb8oFyd4TpHKMlm9yLOgd4j/FahE++eODkr9AgDpraWGoV9f85M8TsJZBEvG\n5+4DmBiP6Q0Ergb+GYbcHSp/gt5JsJAVeZ7Q/d3tF3KngGMVo1ORjwyJdrxMi96P\ngOGcafwfHI6Lh2ElWieCdQjrMFaSQUhfV0+gEU+E2vveLyWovfmrkmcP+LfjPf/Y\nLrglUckLvYkC0ct0pHGM8xNOVuR8AaHIErPNp9elLS8cS7zJNTYUy8L3VhJ/s/uF\nOYuqKMaS2d0MKlQCCCzmkQH5Oq7qisUK4Wd5G8APJZTC2rkTHawNVEkR7ZrbnVew\nsJxa46YgX8hTYWVUUO8nJ0MCAwEAAQ==\n-----END PUBLIC KEY-----\n",
            "rsa_bits": 4096
          },
          "sensitive_attributes": [
            [
              {
                "type": "get_attr",
                "value": "private_key_pem"
              }
            ],
            [
              {
                "type": "get_attr",
                "value": "private_key_pem_pkcs8"
              }
            ],
            [
              {
                "type": "get_attr",
                "value": "private_key_openssh"
              }
            ]
          ]
        }
      ]
    }
  ],
  "check_results": null
}
